
Microsoft Visual Studio Solution File, Format Version 12.00
# Visual Studio Version 17
VisualStudioVersion = 17.14.36401.2 d17.14
MinimumVisualStudioVersion = 10.0.40219.1
Project("{FAE04EC0-301F-11D3-BF4B-00C04F79EFBC}") = "NguyenManhTIen_231230923", "NguyenManhTIen_231230923.csproj", "{555C26D3-A9CE-4890-830C-74001EC61117}"
EndProject
Global
	GlobalSection(SolutionConfigurationPlatforms) = preSolution
		Debug|Any CPU = Debug|Any CPU
		Release|Any CPU = Release|Any CPU
	EndGlobalSection
	GlobalSection(ProjectConfigurationPlatforms) = postSolution
		{555C26D3-A9CE-4890-830C-74001EC61117}.Debug|Any CPU.ActiveCfg = Debug|Any CPU
		{555C26D3-A9CE-4890-830C-74001EC61117}.Debug|Any CPU.Build.0 = Debug|Any CPU
		{555C26D3-A9CE-4890-830C-74001EC61117}.Release|Any CPU.ActiveCfg = Release|Any CPU
		{555C26D3-A9CE-4890-830C-74001EC61117}.Release|Any CPU.Build.0 = Release|Any CPU
	EndGlobalSection
	GlobalSection(SolutionProperties) = preSolution
		HideSolutionNode = FALSE
	EndGlobalSection
	GlobalSection(ExtensibilityGlobals) = postSolution
		SolutionGuid = {C7A22884-3EBE-4768-A505-AE97E7E09014}
	EndGlobalSection
EndGlobal
